// !$*UTF8*$!
{
	archiveVersion = 1;
	classes = {
	};
	objectVersion = 56;
	objects = {

/* Begin PBXBuildFile section */
		885F27B929DE424C004D58A5 /* Photo.swift in Sources */ = {isa = PBXBuildFile; fileRef = 885F27B829DE424C004D58A5 /* Photo.swift */; };
		885F27BB29DE426A004D58A5 /* DataController.swift in Sources */ = {isa = PBXBuildFile; fileRef = 885F27BA29DE426A004D58A5 /* DataController.swift */; };
		88697D0729E5A09500F2713C /* UploadedImage.xcdatamodeld in Sources */ = {isa = PBXBuildFile; fileRef = 88697D0529E5A09500F2713C /* UploadedImage.xcdatamodeld */; };
		88697D0E29E5B3E600F2713C /* Model.xcdatamodeld in Sources */ = {isa = PBXBuildFile; fileRef = 88697D0C29E5B3E600F2713C /* Model.xcdatamodeld */; };
		88A76EAC29D62E6400B299A1 /* MyPlacesApp.swift in Sources */ = {isa = PBXBuildFile; fileRef = 88A76EAB29D62E6400B299A1 /* MyPlacesApp.swift */; };
		88A76EAE29D62E6400B299A1 /* ContentView.swift in Sources */ = {isa = PBXBuildFile; fileRef = 88A76EAD29D62E6400B299A1 /* ContentView.swift */; };
		88A76EB029D62E6400B299A1 /* Assets.xcassets in Resources */ = {isa = PBXBuildFile; fileRef = 88A76EAF29D62E6400B299A1 /* Assets.xcassets */; };
		88A76EB329D62E6400B299A1 /* Preview Assets.xcassets in Resources */ = {isa = PBXBuildFile; fileRef = 88A76EB229D62E6400B299A1 /* Preview Assets.xcassets */; };
		88AEA07829D7BE720079E0B5 /* ProfileView.swift in Sources */ = {isa = PBXBuildFile; fileRef = 88AEA07729D7BE720079E0B5 /* ProfileView.swift */; };
		88AEA07A29D7BEB00079E0B5 /* MyPlacesView.swift in Sources */ = {isa = PBXBuildFile; fileRef = 88AEA07929D7BEB00079E0B5 /* MyPlacesView.swift */; };
		88AEA07C29D7BEE60079E0B5 /* LoginView.swift in Sources */ = {isa = PBXBuildFile; fileRef = 88AEA07B29D7BEE60079E0B5 /* LoginView.swift */; };
		88AEA07E29D7BF6A0079E0B5 /* SearchBar.swift in Sources */ = {isa = PBXBuildFile; fileRef = 88AEA07D29D7BF6A0079E0B5 /* SearchBar.swift */; };
		88AEA08129D7BFC50079E0B5 /* Place.swift in Sources */ = {isa = PBXBuildFile; fileRef = 88AEA08029D7BFC50079E0B5 /* Place.swift */; };
		88AEA08329D7BFED0079E0B5 /* MapView.swift in Sources */ = {isa = PBXBuildFile; fileRef = 88AEA08229D7BFED0079E0B5 /* MapView.swift */; };
/* End PBXBuildFile section */

/* Begin PBXFileReference section */
		885F27B829DE424C004D58A5 /* Photo.swift */ = {isa = PBXFileReference; lastKnownFileType = sourcecode.swift; path = Photo.swift; sourceTree = "<group>"; };
		885F27BA29DE426A004D58A5 /* DataController.swift */ = {isa = PBXFileReference; lastKnownFileType = sourcecode.swift; path = DataController.swift; sourceTree = "<group>"; };
		88697D0629E5A09500F2713C /* UploadedImage.xcdatamodel */ = {isa = PBXFileReference; lastKnownFileType = wrapper.xcdatamodel; path = UploadedImage.xcdatamodel; sourceTree = "<group>"; };
		88697D0D29E5B3E600F2713C /* Model.xcdatamodel */ = {isa = PBXFileReference; lastKnownFileType = wrapper.xcdatamodel; path = Model.xcdatamodel; sourceTree = "<group>"; };
		88A76EA829D62E6400B299A1 /* MyPlaces.app */ = {isa = PBXFileReference; explicitFileType = wrapper.application; includeInIndex = 0; path = MyPlaces.app; sourceTree = BUILT_PRODUCTS_DIR; };
		88A76EAB29D62E6400B299A1 /* MyPlacesApp.swift */ = {isa = PBXFileReference; lastKnownFileType = sourcecode.swift; path = MyPlacesApp.swift; sourceTree = "<group>"; };
		88A76EAD29D62E6400B299A1 /* ContentView.swift */ = {isa = PBXFileReference; lastKnownFileType = sourcecode.swift; path = ContentView.swift; sourceTree = "<group>"; };
		88A76EAF29D62E6400B299A1 /* Assets.xcassets */ = {isa = PBXFileReference; lastKnownFileType = folder.assetcatalog; path = Assets.xcassets; sourceTree = "<group>"; };
		88A76EB229D62E6400B299A1 /* Preview Assets.xcassets */ = {isa = PBXFileReference; lastKnownFileType = folder.assetcatalog; path = "Preview Assets.xcassets"; sourceTree = "<group>"; };
		88AEA07729D7BE720079E0B5 /* ProfileView.swift */ = {isa = PBXFileReference; lastKnownFileType = sourcecode.swift; path = ProfileView.swift; sourceTree = "<group>"; };
		88AEA07929D7BEB00079E0B5 /* MyPlacesView.swift */ = {isa = PBXFileReference; lastKnownFileType = sourcecode.swift; path = MyPlacesView.swift; sourceTree = "<group>"; };
		88AEA07B29D7BEE60079E0B5 /* LoginView.swift */ = {isa = PBXFileReference; lastKnownFileType = sourcecode.swift; path = LoginView.swift; sourceTree = "<group>"; };
		88AEA07D29D7BF6A0079E0B5 /* SearchBar.swift */ = {isa = PBXFileReference; lastKnownFileType = sourcecode.swift; path = SearchBar.swift; sourceTree = "<group>"; };
		88AEA08029D7BFC50079E0B5 /* Place.swift */ = {isa = PBXFileReference; lastKnownFileType = sourcecode.swift; path = Place.swift; sourceTree = "<group>"; };
		88AEA08229D7BFED0079E0B5 /* MapView.swift */ = {isa = PBXFileReference; lastKnownFileType = sourcecode.swift; path = MapView.swift; sourceTree = "<group>"; };
/* End PBXFileReference section */

/* Begin PBXFrameworksBuildPhase section */
		88A76EA529D62E6400B299A1 /* Frameworks */ = {
			isa = PBXFrameworksBuildPhase;
			buildActionMask = 2147483647;
			files = (
			);
			runOnlyForDeploymentPostprocessing = 0;
		};
/* End PBXFrameworksBuildPhase section */

/* Begin PBXGroup section */
		88A76E9F29D62E6400B299A1 = {
			isa = PBXGroup;
			children = (
				88A76EAA29D62E6400B299A1 /* MyPlaces */,
				88A76EA929D62E6400B299A1 /* Products */,
			);
			sourceTree = "<group>";
		};
		88A76EA929D62E6400B299A1 /* Products */ = {
			isa = PBXGroup;
			children = (
				88A76EA829D62E6400B299A1 /* MyPlaces.app */,
			);
			name = Products;
			sourceTree = "<group>";
		};
		88A76EAA29D62E6400B299A1 /* MyPlaces */ = {
			isa = PBXGroup;
			children = (
				88A76EAB29D62E6400B299A1 /* MyPlacesApp.swift */,
				88AEA07F29D7BFB60079E0B5 /* Model */,
				88AEA07629D7BE620079E0B5 /* Views */,
				88A76EAF29D62E6400B299A1 /* Assets.xcassets */,
				88A76EB129D62E6400B299A1 /* Preview Content */,
				88AEA07D29D7BF6A0079E0B5 /* SearchBar.swift */,
				885F27B829DE424C004D58A5 /* Photo.swift */,
				885F27BA29DE426A004D58A5 /* DataController.swift */,
				88697D0529E5A09500F2713C /* UploadedImage.xcdatamodeld */,
				88697D0C29E5B3E600F2713C /* Model.xcdatamodeld */,
			);
			path = MyPlaces;
			sourceTree = "<group>";
		};
		88A76EB129D62E6400B299A1 /* Preview Content */ = {
			isa = PBXGroup;
			children = (
				88A76EB229D62E6400B299A1 /* Preview Assets.xcassets */,
			);
			path = "Preview Content";
			sourceTree = "<group>";
		};
		88AEA07629D7BE620079E0B5 /* Views */ = {
			isa = PBXGroup;
			children = (
				88A76EAD29D62E6400B299A1 /* ContentView.swift */,
				88AEA07729D7BE720079E0B5 /* ProfileView.swift */,
				88AEA07929D7BEB00079E0B5 /* MyPlacesView.swift */,
				88AEA07B29D7BEE60079E0B5 /* LoginView.swift */,
				88AEA08229D7BFED0079E0B5 /* MapView.swift */,
			);
			path = Views;
			sourceTree = "<group>";
		};
		88AEA07F29D7BFB60079E0B5 /* Model */ = {
			isa = PBXGroup;
			children = (
				88AEA08029D7BFC50079E0B5 /* Place.swift */,
			);
			path = Model;
			sourceTree = "<group>";
		};
/* End PBXGroup section */

/* Begin PBXNativeTarget section */
		88A76EA729D62E6400B299A1 /* MyPlaces */ = {
			isa = PBXNativeTarget;
			buildConfigurationList = 88A76EB629D62E6400B299A1 /* Build configuration list for PBXNativeTarget "MyPlaces" */;
			buildPhases = (
				88A76EA429D62E6400B299A1 /* Sources */,
				88A76EA529D62E6400B299A1 /* Frameworks */,
				88A76EA629D62E6400B299A1 /* Resources */,
			);
			buildRules = (
			);
			dependencies = (
			);
			name = MyPlaces;
			productName = MyPlaces;
			productReference = 88A76EA829D62E6400B299A1 /* MyPlaces.app */;
			productType = "com.apple.product-type.application";
		};
/* End PBXNativeTarget section */

/* Begin PBXProject section */
		88A76EA029D62E6400B299A1 /* Project object */ = {
			isa = PBXProject;
			attributes = {
				BuildIndependentTargetsInParallel = 1;
				LastSwiftUpdateCheck = 1400;
				LastUpgradeCheck = 1400;
				TargetAttributes = {
					88A76EA729D62E6400B299A1 = {
						CreatedOnToolsVersion = 14.0.1;
					};
				};
			};
			buildConfigurationList = 88A76EA329D62E6400B299A1 /* Build configuration list for PBXProject "MyPlaces" */;
			compatibilityVersion = "Xcode 14.0";
			developmentRegion = en;
			hasScannedForEncodings = 0;
			knownRegions = (
				en,
				Base,
			);
			mainGroup = 88A76E9F29D62E6400B299A1;
			productRefGroup = 88A76EA929D62E6400B299A1 /* Products */;
			projectDirPath = "";
			projectRoot = "";
			targets = (
				88A76EA729D62E6400B299A1 /* MyPlaces */,
			);
		};
/* End PBXProject section */

/* Begin PBXResourcesBuildPhase section */
		88A76EA629D62E6400B299A1 /* Resources */ = {
			isa = PBXResourcesBuildPhase;
			buildActionMask = 2147483647;
			files = (
				88A76EB329D62E6400B299A1 /* Preview Assets.xcassets in Resources */,
				88A76EB029D62E6400B299A1 /* Assets.xcassets in Resources */,
			);
			runOnlyForDeploymentPostprocessing = 0;
		};
/* End PBXResourcesBuildPhase section */

/* Begin PBXSourcesBuildPhase section */
		88A76EA429D62E6400B299A1 /* Sources */ = {
			isa = PBXSourcesBuildPhase;
			buildActionMask = 2147483647;
			files = (
				88A76EAE29D62E6400B299A1 /* ContentView.swift in Sources */,
				88AEA08329D7BFED0079E0B5 /* MapView.swift in Sources */,
				88AEA07829D7BE720079E0B5 /* ProfileView.swift in Sources */,
				885F27B929DE424C004D58A5 /* Photo.swift in Sources */,
				88AEA07A29D7BEB00079E0B5 /* MyPlacesView.swift in Sources */,
				88AEA07C29D7BEE60079E0B5 /* LoginView.swift in Sources */,
				88A76EAC29D62E6400B299A1 /* MyPlacesApp.swift in Sources */,
				88AEA08129D7BFC50079E0B5 /* Place.swift in Sources */,
				885F27BB29DE426A004D58A5 /* DataController.swift in Sources */,
				88697D0729E5A09500F2713C /* UploadedImage.xcdatamodeld in Sources */,
				88AEA07E29D7BF6A0079E0B5 /* SearchBar.swift in Sources */,
				88697D0E29E5B3E600F2713C /* Model.xcdatamodeld in Sources */,
			);
			runOnlyForDeploymentPostprocessing = 0;
		};
/* End PBXSourcesBuildPhase section */

/* Begin XCBuildConfiguration section */
		88A76EB429D62E6400B299A1 /* Debug */ = {
			isa = XCBuildConfiguration;
			buildSettings = {
				ALWAYS_SEARCH_USER_PATHS = NO;
				CLANG_ANALYZER_NONNULL = YES;
				CLANG_ANALYZER_NUMBER_OBJECT_CONVERSION = YES_AGGRESSIVE;
				CLANG_CXX_LANGUAGE_STANDARD = "gnu++20";
				CLANG_ENABLE_MODULES = YES;
				CLANG_ENABLE_OBJC_ARC = YES;
				CLANG_ENABLE_OBJC_WEAK = YES;
				CLANG_WARN_BLOCK_CAPTURE_AUTORELEASING = YES;
				CLANG_WARN_BOOL_CONVERSION = YES;
				CLANG_WARN_COMMA = YES;
				CLANG_WARN_CONSTANT_CONVERSION = YES;
				CLANG_WARN_DEPRECATED_OBJC_IMPLEMENTATIONS = YES;
				CLANG_WARN_DIRECT_OBJC_ISA_USAGE = YES_ERROR;
				CLANG_WARN_DOCUMENTATION_COMMENTS = YES;
				CLANG_WARN_EMPTY_BODY = YES;
				CLANG_WARN_ENUM_CONVERSION = YES;
				CLANG_WARN_INFINITE_RECURSION = YES;
				CLANG_WARN_INT_CONVERSION = YES;
				CLANG_WARN_NON_LITERAL_NULL_CONVERSION = YES;
				CLANG_WARN_OBJC_IMPLICIT_RETAIN_SELF = YES;
				CLANG_WARN_OBJC_LITERAL_CONVERSION = YES;
				CLANG_WARN_OBJC_ROOT_CLASS = YES_ERROR;
				CLANG_WARN_QUOTED_INCLUDE_IN_FRAMEWORK_HEADER = YES;
				CLANG_WARN_RANGE_LOOP_ANALYSIS = YES;
				CLANG_WARN_STRICT_PROTOTYPES = YES;
				CLANG_WARN_SUSPICIOUS_MOVE = YES;
				CLANG_WARN_UNGUARDED_AVAILABILITY = YES_AGGRESSIVE;
				CLANG_WARN_UNREACHABLE_CODE = YES;
				CLANG_WARN__DUPLICATE_METHOD_MATCH = YES;
				COPY_PHASE_STRIP = NO;
				DEBUG_INFORMATION_FORMAT = dwarf;
				ENABLE_STRICT_OBJC_MSGSEND = YES;
				ENABLE_TESTABILITY = YES;
				GCC_C_LANGUAGE_STANDARD = gnu11;
				GCC_DYNAMIC_NO_PIC = NO;
				GCC_NO_COMMON_BLOCKS = YES;
				GCC_OPTIMIZATION_LEVEL = 0;
				GCC_PREPROCESSOR_DEFINITIONS = (
					"DEBUG=1",
					"$(inherited)",
				);
				GCC_WARN_64_TO_32_BIT_CONVERSION = YES;
				GCC_WARN_ABOUT_RETURN_TYPE = YES_ERROR;
				GCC_WARN_UNDECLARED_SELECTOR = YES;
				GCC_WARN_UNINITIALIZED_AUTOS = YES_AGGRESSIVE;
				GCC_WARN_UNUSED_FUNCTION = YES;
				GCC_WARN_UNUSED_VARIABLE = YES;
				IPHONEOS_DEPLOYMENT_TARGET = 16.0;
				MTL_ENABLE_DEBUG_INFO = INCLUDE_SOURCE;
				MTL_FAST_MATH = YES;
				ONLY_ACTIVE_ARCH = YES;
				SDKROOT = iphoneos;
				SWIFT_ACTIVE_COMPILATION_CONDITIONS = DEBUG;
				SWIFT_OPTIMIZATION_LEVEL = "-Onone";
			};
			name = Debug;
		};
		88A76EB529D62E6400B299A1 /* Release */ = {
			isa = XCBuildConfiguration;
			buildSettings = {
				ALWAYS_SEARCH_USER_PATHS = NO;
				CLANG_ANALYZER_NONNULL = YES;
				CLANG_ANALYZER_NUMBER_OBJECT_CONVERSION = YES_AGGRESSIVE;
				CLANG_CXX_LANGUAGE_STANDARD = "gnu++20";
				CLANG_ENABLE_MODULES = YES;
				CLANG_ENABLE_OBJC_ARC = YES;
				CLANG_ENABLE_OBJC_WEAK = YES;
				CLANG_WARN_BLOCK_CAPTURE_AUTORELEASING = YES;
				CLANG_WARN_BOOL_CONVERSION = YES;
				CLANG_WARN_COMMA = YES;
				CLANG_WARN_CONSTANT_CONVERSION = YES;
				CLANG_WARN_DEPRECATED_OBJC_IMPLEMENTATIONS = YES;
				CLANG_WARN_DIRECT_OBJC_ISA_USAGE = YES_ERROR;
				CLANG_WARN_DOCUMENTATION_COMMENTS = YES;
				CLANG_WARN_EMPTY_BODY = YES;
				CLANG_WARN_ENUM_CONVERSION = YES;
				CLANG_WARN_INFINITE_RECURSION = YES;
				CLANG_WARN_INT_CONVERSION = YES;
				CLANG_WARN_NON_LITERAL_NULL_CONVERSION = YES;
				CLANG_WARN_OBJC_IMPLICIT_RETAIN_SELF = YES;
				CLANG_WARN_OBJC_LITERAL_CONVERSION = YES;
				CLANG_WARN_OBJC_ROOT_CLASS = YES_ERROR;
				CLANG_WARN_QUOTED_INCLUDE_IN_FRAMEWORK_HEADER = YES;
				CLANG_WARN_RANGE_LOOP_ANALYSIS = YES;
				CLANG_WARN_STRICT_PROTOTYPES = YES;
				CLANG_WARN_SUSPICIOUS_MOVE = YES;
				CLANG_WARN_UNGUARDED_AVAILABILITY = YES_AGGRESSIVE;
				CLANG_WARN_UNREACHABLE_CODE = YES;
				CLANG_WARN__DUPLICATE_METHOD_MATCH = YES;
				COPY_PHASE_STRIP = NO;
				DEBUG_INFORMATION_FORMAT = "dwarf-with-dsym";
				ENABLE_NS_ASSERTIONS = NO;
				ENABLE_STRICT_OBJC_MSGSEND = YES;
				GCC_C_LANGUAGE_STANDARD = gnu11;
				GCC_NO_COMMON_BLOCKS = YES;
				GCC_WARN_64_TO_32_BIT_CONVERSION = YES;
				GCC_WARN_ABOUT_RETURN_TYPE = YES_ERROR;
				GCC_WARN_UNDECLARED_SELECTOR = YES;
				GCC_WARN_UNINITIALIZED_AUTOS = YES_AGGRESSIVE;
				GCC_WARN_UNUSED_FUNCTION = YES;
				GCC_WARN_UNUSED_VARIABLE = YES;
				IPHONEOS_DEPLOYMENT_TARGET = 16.0;
				MTL_ENABLE_DEBUG_INFO = NO;
				MTL_FAST_MATH = YES;
				SDKROOT = iphoneos;
				SWIFT_COMPILATION_MODE = wholemodule;
				SWIFT_OPTIMIZATION_LEVEL = "-O";
				VALIDATE_PRODUCT = YES;
			};
			name = Release;
		};
		88A76EB729D62E6400B299A1 /* Debug */ = {
			isa = XCBuildConfiguration;
			buildSettings = {
				ASSETCATALOG_COMPILER_APPICON_NAME = AppIcon;
				ASSETCATALOG_COMPILER_GLOBAL_ACCENT_COLOR_NAME = AccentColor;
				CODE_SIGN_STYLE = Automatic;
				CURRENT_PROJECT_VERSION = 1;
				DEVELOPMENT_ASSET_PATHS = "\"MyPlaces/Preview Content\"";
				DEVELOPMENT_TEAM = 479TT666V2;
				ENABLE_PREVIEWS = YES;
				GENERATE_INFOPLIST_FILE = YES;
				INFOPLIST_KEY_UIApplicationSceneManifest_Generation = YES;
				INFOPLIST_KEY_UIApplicationSupportsIndirectInputEvents = YES;
				INFOPLIST_KEY_UILaunchScreen_Generation = YES;
				INFOPLIST_KEY_UISupportedInterfaceOrientations_iPad = "UIInterfaceOrientationPortrait UIInterfaceOrientationPortraitUpsideDown UIInterfaceOrientationLandscapeLeft UIInterfaceOrientationLandscapeRight";
				INFOPLIST_KEY_UISupportedInterfaceOrientations_iPhone = "UIInterfaceOrientationPortrait UIInterfaceOrientationLandscapeLeft UIInterfaceOrientationLandscapeRight";
				LD_RUNPATH_SEARCH_PATHS = (
					"$(inherited)",
					"@executable_path/Frameworks",
				);
				MARKETING_VERSION = 1.0;
				PRODUCT_BUNDLE_IDENTIFIER = mtech.MyPlaces;
				PRODUCT_NAME = "$(TARGET_NAME)";
				SWIFT_EMIT_LOC_STRINGS = YES;
				SWIFT_VERSION = 5.0;
				TARGETED_DEVICE_FAMILY = "1,2";
			};
			name = Debug;
		};
		88A76EB829D62E6400B299A1 /* Release */ = {
			isa = XCBuildConfiguration;
			buildSettings = {
				ASSETCATALOG_COMPILER_APPICON_NAME = AppIcon;
				ASSETCATALOG_COMPILER_GLOBAL_ACCENT_COLOR_NAME = AccentColor;
				CODE_SIGN_STYLE = Automatic;
				CURRENT_PROJECT_VERSION = 1;
				DEVELOPMENT_ASSET_PATHS = "\"MyPlaces/Preview Content\"";
				DEVELOPMENT_TEAM = 479TT666V2;
				ENABLE_PREVIEWS = YES;
				GENERATE_INFOPLIST_FILE = YES;
				INFOPLIST_KEY_UIApplicationSceneManifest_Generation = YES;
				INFOPLIST_KEY_UIApplicationSupportsIndirectInputEvents = YES;
				INFOPLIST_KEY_UILaunchScreen_Generation = YES;
				INFOPLIST_KEY_UISupportedInterfaceOrientations_iPad = "UIInterfaceOrientationPortrait UIInterfaceOrientationPortraitUpsideDown UIInterfaceOrientationLandscapeLeft UIInterfaceOrientationLandscapeRight";
				INFOPLIST_KEY_UISupportedInterfaceOrientations_iPhone = "UIInterfaceOrientationPortrait UIInterfaceOrientationLandscapeLeft UIInterfaceOrientationLandscapeRight";
				LD_RUNPATH_SEARCH_PATHS = (
					"$(inherited)",
					"@executable_path/Frameworks",
				);
				MARKETING_VERSION = 1.0;
				PRODUCT_BUNDLE_IDENTIFIER = mtech.MyPlaces;
				PRODUCT_NAME = "$(TARGET_NAME)";
				SWIFT_EMIT_LOC_STRINGS = YES;
				SWIFT_VERSION = 5.0;
				TARGETED_DEVICE_FAMILY = "1,2";
			};
			name = Release;
		};
/* End XCBuildConfiguration section */

/* Begin XCConfigurationList section */
		88A76EA329D62E6400B299A1 /* Build configuration list for PBXProject "MyPlaces" */ = {
			isa = XCConfigurationList;
			buildConfigurations = (
				88A76EB429D62E6400B299A1 /* Debug */,
				88A76EB529D62E6400B299A1 /* Release */,
			);
			defaultConfigurationIsVisible = 0;
			defaultConfigurationName = Release;
		};
		88A76EB629D62E6400B299A1 /* Build configuration list for PBXNativeTarget "MyPlaces" */ = {
			isa = XCConfigurationList;
			buildConfigurations = (
				88A76EB729D62E6400B299A1 /* Debug */,
				88A76EB829D62E6400B299A1 /* Release */,
			);
			defaultConfigurationIsVisible = 0;
			defaultConfigurationName = Release;
		};
/* End XCConfigurationList section */

/* Begin XCVersionGroup section */
		88697D0529E5A09500F2713C /* UploadedImage.xcdatamodeld */ = {
			isa = XCVersionGroup;
			children = (
				88697D0629E5A09500F2713C /* UploadedImage.xcdatamodel */,
			);
			currentVersion = 88697D0629E5A09500F2713C /* UploadedImage.xcdatamodel */;
			path = UploadedImage.xcdatamodeld;
			sourceTree = "<group>";
			versionGroupType = wrapper.xcdatamodel;
		};
		88697D0C29E5B3E600F2713C /* Model.xcdatamodeld */ = {
			isa = XCVersionGroup;
			children = (
				88697D0D29E5B3E600F2713C /* Model.xcdatamodel */,
			);
			currentVersion = 88697D0D29E5B3E600F2713C /* Model.xcdatamodel */;
			path = Model.xcdatamodeld;
			sourceTree = "<group>";
			versionGroupType = wrapper.xcdatamodel;
		};
/* End XCVersionGroup section */
	};
	rootObject = 88A76EA029D62E6400B299A1 /* Project object */;
}
